
Microsoft Visual Studio Solution File, Format Version 12.00
# Visual Studio Version 16
VisualStudioVersion = 16.0.30320.27
MinimumVisualStudioVersion = 10.0.40219.1
Project("{2150E333-8FDC-42A3-9474-1A3956D46DE8}") = "Service", "Service", "{CB8BE5EC-D794-4D47-BD4F-B2B7C906B393}"
	ProjectSection(SolutionItems) = preProject
		LwandileAPIs\Controllers\ArtistsController.cs = LwandileAPIs\Controllers\ArtistsController.cs
	EndProjectSection
EndProject
Project("{9A19103F-16F7-4668-BE54-9A1E7A4F7556}") = "LwandileAPIs", "LwandileAPIs\LwandileAPIs.csproj", "{86508D87-49DA-4450-A3E9-554F155827D5}"
EndProject
Project("{2150E333-8FDC-42A3-9474-1A3956D46DE8}") = "Data", "Data", "{C173DF2E-401F-4DAD-95BA-5E1B8B92173E}"
EndProject
Project("{2150E333-8FDC-42A3-9474-1A3956D46DE8}") = "Domain", "Domain", "{3F9C9C13-461B-4848-9765-1AD1011E3E59}"
EndProject
Project("{9A19103F-16F7-4668-BE54-9A1E7A4F7556}") = "Lwandile.Data", "Lwandile.Data\Lwandile.Data.csproj", "{F4583336-850E-4F56-9D4C-E6E2AA5651C5}"
EndProject
Project("{9A19103F-16F7-4668-BE54-9A1E7A4F7556}") = "Lwandile.Domain", "Lwandile.Domain\Lwandile.Domain.csproj", "{4D438684-0A0B-4B43-A6FF-24FEDF0A81CE}"
EndProject
Project("{2150E333-8FDC-42A3-9474-1A3956D46DE8}") = "Utility", "Utility", "{17263F4A-62AD-4074-AE97-6F6F326C8B27}"
EndProject
Project("{FAE04EC0-301F-11D3-BF4B-00C04F79EFBC}") = "ICM.JHB.Utility", "..\..\..\..\..\TFSWorkspace\appbase\Utility\ICM.JHB.Utility\ICM.JHB.Utility.csproj", "{304BF856-63C7-4629-AC0F-FB707152113F}"
EndProject
Project("{9A19103F-16F7-4668-BE54-9A1E7A4F7556}") = "Lwandile.Repository", "Lwandile.Repository\Lwandile.Repository.csproj", "{A5430330-C98C-4E61-A46F-0373D160EC36}"
EndProject
Global
	GlobalSection(SolutionConfigurationPlatforms) = preSolution
		Debug|Any CPU = Debug|Any CPU
		Debug|x64 = Debug|x64
		Debug|x86 = Debug|x86
		DEV|Any CPU = DEV|Any CPU
		DEV|x64 = DEV|x64
		DEV|x86 = DEV|x86
		Release|Any CPU = Release|Any CPU
		Release|x64 = Release|x64
		Release|x86 = Release|x86
	EndGlobalSection
	GlobalSection(ProjectConfigurationPlatforms) = postSolution
		{86508D87-49DA-4450-A3E9-554F155827D5}.Debug|Any CPU.ActiveCfg = Debug|Any CPU
		{86508D87-49DA-4450-A3E9-554F155827D5}.Debug|Any CPU.Build.0 = Debug|Any CPU
		{86508D87-49DA-4450-A3E9-554F155827D5}.Debug|x64.ActiveCfg = Debug|Any CPU
		{86508D87-49DA-4450-A3E9-554F155827D5}.Debug|x64.Build.0 = Debug|Any CPU
		{86508D87-49DA-4450-A3E9-554F155827D5}.Debug|x86.ActiveCfg = Debug|Any CPU
		{86508D87-49DA-4450-A3E9-554F155827D5}.Debug|x86.Build.0 = Debug|Any CPU
		{86508D87-49DA-4450-A3E9-554F155827D5}.DEV|Any CPU.ActiveCfg = Debug|Any CPU
		{86508D87-49DA-4450-A3E9-554F155827D5}.DEV|Any CPU.Build.0 = Debug|Any CPU
		{86508D87-49DA-4450-A3E9-554F155827D5}.DEV|x64.ActiveCfg = Debug|Any CPU
		{86508D87-49DA-4450-A3E9-554F155827D5}.DEV|x64.Build.0 = Debug|Any CPU
		{86508D87-49DA-4450-A3E9-554F155827D5}.DEV|x86.ActiveCfg = Debug|Any CPU
		{86508D87-49DA-4450-A3E9-554F155827D5}.DEV|x86.Build.0 = Debug|Any CPU
		{86508D87-49DA-4450-A3E9-554F155827D5}.Release|Any CPU.ActiveCfg = Release|Any CPU
		{86508D87-49DA-4450-A3E9-554F155827D5}.Release|Any CPU.Build.0 = Release|Any CPU
		{86508D87-49DA-4450-A3E9-554F155827D5}.Release|x64.ActiveCfg = Release|Any CPU
		{86508D87-49DA-4450-A3E9-554F155827D5}.Release|x64.Build.0 = Release|Any CPU
		{86508D87-49DA-4450-A3E9-554F155827D5}.Release|x86.ActiveCfg = Release|Any CPU
		{86508D87-49DA-4450-A3E9-554F155827D5}.Release|x86.Build.0 = Release|Any CPU
		{F4583336-850E-4F56-9D4C-E6E2AA5651C5}.Debug|Any CPU.ActiveCfg = Debug|Any CPU
		{F4583336-850E-4F56-9D4C-E6E2AA5651C5}.Debug|Any CPU.Build.0 = Debug|Any CPU
		{F4583336-850E-4F56-9D4C-E6E2AA5651C5}.Debug|x64.ActiveCfg = Debug|Any CPU
		{F4583336-850E-4F56-9D4C-E6E2AA5651C5}.Debug|x64.Build.0 = Debug|Any CPU
		{F4583336-850E-4F56-9D4C-E6E2AA5651C5}.Debug|x86.ActiveCfg = Debug|Any CPU
		{F4583336-850E-4F56-9D4C-E6E2AA5651C5}.Debug|x86.Build.0 = Debug|Any CPU
		{F4583336-850E-4F56-9D4C-E6E2AA5651C5}.DEV|Any CPU.ActiveCfg = Debug|Any CPU
		{F4583336-850E-4F56-9D4C-E6E2AA5651C5}.DEV|Any CPU.Build.0 = Debug|Any CPU
		{F4583336-850E-4F56-9D4C-E6E2AA5651C5}.DEV|x64.ActiveCfg = Debug|Any CPU
		{F4583336-850E-4F56-9D4C-E6E2AA5651C5}.DEV|x64.Build.0 = Debug|Any CPU
		{F4583336-850E-4F56-9D4C-E6E2AA5651C5}.DEV|x86.ActiveCfg = Debug|Any CPU
		{F4583336-850E-4F56-9D4C-E6E2AA5651C5}.DEV|x86.Build.0 = Debug|Any CPU
		{F4583336-850E-4F56-9D4C-E6E2AA5651C5}.Release|Any CPU.ActiveCfg = Release|Any CPU
		{F4583336-850E-4F56-9D4C-E6E2AA5651C5}.Release|Any CPU.Build.0 = Release|Any CPU
		{F4583336-850E-4F56-9D4C-E6E2AA5651C5}.Release|x64.ActiveCfg = Release|Any CPU
		{F4583336-850E-4F56-9D4C-E6E2AA5651C5}.Release|x64.Build.0 = Release|Any CPU
		{F4583336-850E-4F56-9D4C-E6E2AA5651C5}.Release|x86.ActiveCfg = Release|Any CPU
		{F4583336-850E-4F56-9D4C-E6E2AA5651C5}.Release|x86.Build.0 = Release|Any CPU
		{4D438684-0A0B-4B43-A6FF-24FEDF0A81CE}.Debug|Any CPU.ActiveCfg = Debug|Any CPU
		{4D438684-0A0B-4B43-A6FF-24FEDF0A81CE}.Debug|Any CPU.Build.0 = Debug|Any CPU
		{4D438684-0A0B-4B43-A6FF-24FEDF0A81CE}.Debug|x64.ActiveCfg = Debug|Any CPU
		{4D438684-0A0B-4B43-A6FF-24FEDF0A81CE}.Debug|x64.Build.0 = Debug|Any CPU
		{4D438684-0A0B-4B43-A6FF-24FEDF0A81CE}.Debug|x86.ActiveCfg = Debug|Any CPU
		{4D438684-0A0B-4B43-A6FF-24FEDF0A81CE}.Debug|x86.Build.0 = Debug|Any CPU
		{4D438684-0A0B-4B43-A6FF-24FEDF0A81CE}.DEV|Any CPU.ActiveCfg = Debug|Any CPU
		{4D438684-0A0B-4B43-A6FF-24FEDF0A81CE}.DEV|Any CPU.Build.0 = Debug|Any CPU
		{4D438684-0A0B-4B43-A6FF-24FEDF0A81CE}.DEV|x64.ActiveCfg = Debug|Any CPU
		{4D438684-0A0B-4B43-A6FF-24FEDF0A81CE}.DEV|x64.Build.0 = Debug|Any CPU
		{4D438684-0A0B-4B43-A6FF-24FEDF0A81CE}.DEV|x86.ActiveCfg = Debug|Any CPU
		{4D438684-0A0B-4B43-A6FF-24FEDF0A81CE}.DEV|x86.Build.0 = Debug|Any CPU
		{4D438684-0A0B-4B43-A6FF-24FEDF0A81CE}.Release|Any CPU.ActiveCfg = Release|Any CPU
		{4D438684-0A0B-4B43-A6FF-24FEDF0A81CE}.Release|Any CPU.Build.0 = Release|Any CPU
		{4D438684-0A0B-4B43-A6FF-24FEDF0A81CE}.Release|x64.ActiveCfg = Release|Any CPU
		{4D438684-0A0B-4B43-A6FF-24FEDF0A81CE}.Release|x64.Build.0 = Release|Any CPU
		{4D438684-0A0B-4B43-A6FF-24FEDF0A81CE}.Release|x86.ActiveCfg = Release|Any CPU
		{4D438684-0A0B-4B43-A6FF-24FEDF0A81CE}.Release|x86.Build.0 = Release|Any CPU
		{304BF856-63C7-4629-AC0F-FB707152113F}.Debug|Any CPU.ActiveCfg = Debug|Any CPU
		{304BF856-63C7-4629-AC0F-FB707152113F}.Debug|Any CPU.Build.0 = Debug|Any CPU
		{304BF856-63C7-4629-AC0F-FB707152113F}.Debug|x64.ActiveCfg = Debug|x64
		{304BF856-63C7-4629-AC0F-FB707152113F}.Debug|x64.Build.0 = Debug|x64
		{304BF856-63C7-4629-AC0F-FB707152113F}.Debug|x86.ActiveCfg = Debug|x86
		{304BF856-63C7-4629-AC0F-FB707152113F}.Debug|x86.Build.0 = Debug|x86
		{304BF856-63C7-4629-AC0F-FB707152113F}.DEV|Any CPU.ActiveCfg = DEV|Any CPU
		{304BF856-63C7-4629-AC0F-FB707152113F}.DEV|Any CPU.Build.0 = DEV|Any CPU
		{304BF856-63C7-4629-AC0F-FB707152113F}.DEV|x64.ActiveCfg = DEV|x64
		{304BF856-63C7-4629-AC0F-FB707152113F}.DEV|x64.Build.0 = DEV|x64
		{304BF856-63C7-4629-AC0F-FB707152113F}.DEV|x86.ActiveCfg = DEV|x86
		{304BF856-63C7-4629-AC0F-FB707152113F}.DEV|x86.Build.0 = DEV|x86
		{304BF856-63C7-4629-AC0F-FB707152113F}.Release|Any CPU.ActiveCfg = Release|Any CPU
		{304BF856-63C7-4629-AC0F-FB707152113F}.Release|Any CPU.Build.0 = Release|Any CPU
		{304BF856-63C7-4629-AC0F-FB707152113F}.Release|x64.ActiveCfg = Release|x64
		{304BF856-63C7-4629-AC0F-FB707152113F}.Release|x64.Build.0 = Release|x64
		{304BF856-63C7-4629-AC0F-FB707152113F}.Release|x86.ActiveCfg = Release|x86
		{304BF856-63C7-4629-AC0F-FB707152113F}.Release|x86.Build.0 = Release|x86
		{A5430330-C98C-4E61-A46F-0373D160EC36}.Debug|Any CPU.ActiveCfg = Debug|Any CPU
		{A5430330-C98C-4E61-A46F-0373D160EC36}.Debug|Any CPU.Build.0 = Debug|Any CPU
		{A5430330-C98C-4E61-A46F-0373D160EC36}.Debug|x64.ActiveCfg = Debug|Any CPU
		{A5430330-C98C-4E61-A46F-0373D160EC36}.Debug|x64.Build.0 = Debug|Any CPU
		{A5430330-C98C-4E61-A46F-0373D160EC36}.Debug|x86.ActiveCfg = Debug|Any CPU
		{A5430330-C98C-4E61-A46F-0373D160EC36}.Debug|x86.Build.0 = Debug|Any CPU
		{A5430330-C98C-4E61-A46F-0373D160EC36}.DEV|Any CPU.ActiveCfg = Debug|Any CPU
		{A5430330-C98C-4E61-A46F-0373D160EC36}.DEV|Any CPU.Build.0 = Debug|Any CPU
		{A5430330-C98C-4E61-A46F-0373D160EC36}.DEV|x64.ActiveCfg = Debug|Any CPU
		{A5430330-C98C-4E61-A46F-0373D160EC36}.DEV|x64.Build.0 = Debug|Any CPU
		{A5430330-C98C-4E61-A46F-0373D160EC36}.DEV|x86.ActiveCfg = Debug|Any CPU
		{A5430330-C98C-4E61-A46F-0373D160EC36}.DEV|x86.Build.0 = Debug|Any CPU
		{A5430330-C98C-4E61-A46F-0373D160EC36}.Release|Any CPU.ActiveCfg = Release|Any CPU
		{A5430330-C98C-4E61-A46F-0373D160EC36}.Release|Any CPU.Build.0 = Release|Any CPU
		{A5430330-C98C-4E61-A46F-0373D160EC36}.Release|x64.ActiveCfg = Release|Any CPU
		{A5430330-C98C-4E61-A46F-0373D160EC36}.Release|x64.Build.0 = Release|Any CPU
		{A5430330-C98C-4E61-A46F-0373D160EC36}.Release|x86.ActiveCfg = Release|Any CPU
		{A5430330-C98C-4E61-A46F-0373D160EC36}.Release|x86.Build.0 = Release|Any CPU
	EndGlobalSection
	GlobalSection(SolutionProperties) = preSolution
		HideSolutionNode = FALSE
	EndGlobalSection
	GlobalSection(NestedProjects) = preSolution
		{86508D87-49DA-4450-A3E9-554F155827D5} = {CB8BE5EC-D794-4D47-BD4F-B2B7C906B393}
		{F4583336-850E-4F56-9D4C-E6E2AA5651C5} = {C173DF2E-401F-4DAD-95BA-5E1B8B92173E}
		{4D438684-0A0B-4B43-A6FF-24FEDF0A81CE} = {3F9C9C13-461B-4848-9765-1AD1011E3E59}
		{304BF856-63C7-4629-AC0F-FB707152113F} = {17263F4A-62AD-4074-AE97-6F6F326C8B27}
		{A5430330-C98C-4E61-A46F-0373D160EC36} = {C173DF2E-401F-4DAD-95BA-5E1B8B92173E}
	EndGlobalSection
	GlobalSection(ExtensibilityGlobals) = postSolution
		SolutionGuid = {850D3324-0C32-41D0-BB9B-7B4BC8A3CBAE}
	EndGlobalSection
EndGlobal
